# This file is autogenerated, do not edit; changes may be undone by the next 'dep ensure'.


[[projects]]
  branch = "master"
  digest = "1:5fdd8691fe20b8e953df2b48044a8d650808345ce8fb694a6b9d33558d654d20"
  name = "github.com/IrineSistiana/net-list"
  packages = ["."]
  pruneopts = "UT"
  revision = "22cc5a27e015cb393ea000861722602d7a787129"

[[projects]]
  digest = "1:0599141a8403114d34f1e546604ad6c5361b70dfa80e80c635f438cdbf71b43a"
  name = "github.com/Sirupsen/logrus"
  packages = ["."]
  pruneopts = "UT"
  revision = "d417be0fe654de640a82370515129985b407c7e3"
  version = "v1.5.0"

[[projects]]
  digest = "1:6dbdb48005dbf5814c8a9ccf12fc25a4f1c2c19d6261815c5b16558fe489afe8"
  name = "github.com/klauspost/compress"
  packages = [
    "flate",
    "gzip",
    "zlib",
  ]
  pruneopts = "UT"
  revision = "e2d2089232ece4911272106ae65a7a06746ea38a"
  version = "v1.10.4"

[[projects]]
  digest = "1:31e761d97c76151dde79e9d28964a812c46efc5baee4085b86f68f0c654450de"
  name = "github.com/konsorten/go-windows-terminal-sequences"
  packages = ["."]
  pruneopts = "UT"
  revision = "f55edac94c9bbba5d6182a4be46d86a2c9b5b50e"
  version = "v1.0.2"

[[projects]]
  branch = "master"
  digest = "1:3173162a8ee3e9c83f5a72b66b9a4d583ec03693faeb3f180e0bfa28cc78f9d9"
  name = "github.com/miekg/dns"
  packages = ["."]
  pruneopts = "UT"
  revision = "67373879ce327b5fd112d9301d0a4d62bad6b904"

[[projects]]
  digest = "1:c468422f334a6b46a19448ad59aaffdfc0a36b08fdcc1c749a0b29b6453d7e59"
  name = "github.com/valyala/bytebufferpool"
  packages = ["."]
  pruneopts = "UT"
  revision = "e746df99fe4a3986f4d4f79e13c1e0117ce9c2f7"
  version = "v1.0.0"

[[projects]]
  branch = "master"
  digest = "1:e1668570f1d4f9e945d9aa2c899d0403f9e2960884714fc8ff789402488ac647"
  name = "github.com/valyala/fasthttp"
  packages = [
    ".",
    "fasthttputil",
    "stackless",
  ]
  pruneopts = "UT"
  revision = "5ce12a8e7821c868e464f32fde6507a82ce61ec4"

[[projects]]
  branch = "master"
  digest = "1:cd7e85fc3687e062714febdee3e8efeb00a413a2a620d28908fd0258261d2353"
  name = "golang.org/x/crypto"
  packages = [
    "ed25519",
    "ed25519/internal/edwards25519",
  ]
  pruneopts = "UT"
  revision = "3c4aac89819a5fdc28d906456729d3423fd46969"

[[projects]]
  branch = "master"
  digest = "1:a342b35551fa09b905a09cc3964bcfca537292ea5cc8993de0e02c9ed12a49a7"
  name = "golang.org/x/net"
  packages = [
    "bpf",
    "internal/iana",
    "internal/socket",
    "ipv4",
    "ipv6",
  ]
  pruneopts = "UT"
  revision = "d3edc9973b7eb1fb302b0ff2c62357091cea9a30"

[[projects]]
  branch = "master"
  digest = "1:4afdcaf2f776edc7fc481d0c4cc5a1ebae7e407076690c8c8dbab6f287c31c76"
  name = "golang.org/x/sync"
  packages = ["singleflight"]
  pruneopts = "UT"
  revision = "43a5402ce75a95522677f77c619865d66b8c57ab"

[[projects]]
  branch = "master"
  digest = "1:968aac203feaa75d5e4c758550abcd9523dd736e5e3c2892e94feb9006e4fb36"
  name = "golang.org/x/sys"
  packages = [
    "unix",
    "windows",
  ]
  pruneopts = "UT"
  revision = "1957bb5e6d1f523308b49060df02171d06ddfc77"

[[projects]]
  branch = "master"
  digest = "1:d7f832477a1f640fb30917b85e203045c350e8e268d64035909079ca7b12e74f"
  name = "golang.org/x/tools"
  packages = [
    "go/ast/astutil",
    "go/gcexportdata",
    "go/internal/gcimporter",
    "go/internal/packagesdriver",
    "go/packages",
    "go/types/typeutil",
    "internal/gocommand",
    "internal/packagesinternal",
    "internal/telemetry/event",
  ]
  pruneopts = "UT"
  revision = "9f075f7bfe741c212db778aed6ce67397ec4060a"

[[projects]]
  branch = "master"
  digest = "1:918a46e4a2fb83df33f668f5a6bd51b2996775d073fce1800d3ec01b0a5ddd2b"
  name = "golang.org/x/xerrors"
  packages = [
    ".",
    "internal",
  ]
  pruneopts = "UT"
  revision = "9bdfabe68543c54f90421aeb9a60ef8061b5b544"

[solve-meta]
  analyzer-name = "dep"
  analyzer-version = 1
  input-imports = [
    "github.com/IrineSistiana/net-list",
    "github.com/Sirupsen/logrus",
    "github.com/miekg/dns",
    "github.com/valyala/fasthttp",
    "golang.org/x/sync/singleflight",
  ]
  solver-name = "gps-cdcl"
  solver-version = 1
