# This file is autogenerated, do not edit; changes may be undone by the next 'dep ensure'.


[[projects]]
  branch = "master"
  digest = "1:5fdd8691fe20b8e953df2b48044a8d650808345ce8fb694a6b9d33558d654d20"
  name = "github.com/IrineSistiana/net-list"
  packages = ["."]
  pruneopts = "UT"
  revision = "22cc5a27e015cb393ea000861722602d7a787129"

[[projects]]
  digest = "1:0599141a8403114d34f1e546604ad6c5361b70dfa80e80c635f438cdbf71b43a"
  name = "github.com/Sirupsen/logrus"
  packages = ["."]
  pruneopts = "UT"
  revision = "d417be0fe654de640a82370515129985b407c7e3"
  version = "v1.5.0"

[[projects]]
  digest = "1:e5e0d775194850f7f06c78f51015ec7c85a59a62613d1ad9847b5ba0f2a021c8"
  name = "github.com/klauspost/compress"
  packages = [
    "flate",
    "gzip",
    "zlib",
  ]
  pruneopts = "UT"
  revision = "788b7f06fee85b7e1d2aa4a3a86f8dbbbcc771ae"
  version = "v1.10.3"

[[projects]]
  digest = "1:31e761d97c76151dde79e9d28964a812c46efc5baee4085b86f68f0c654450de"
  name = "github.com/konsorten/go-windows-terminal-sequences"
  packages = ["."]
  pruneopts = "UT"
  revision = "f55edac94c9bbba5d6182a4be46d86a2c9b5b50e"
  version = "v1.0.2"

[[projects]]
  digest = "1:3e2a07391c0756e06504dfa2fb6c52d55261c8d5a9d790ab316a1544bbe87b0d"
  name = "github.com/miekg/dns"
  packages = ["."]
  pruneopts = "UT"
  revision = "f515aa579d28efa1af67d9a62cc57f2dfe59da76"
  version = "v1.1.29"

[[projects]]
  digest = "1:c468422f334a6b46a19448ad59aaffdfc0a36b08fdcc1c749a0b29b6453d7e59"
  name = "github.com/valyala/bytebufferpool"
  packages = ["."]
  pruneopts = "UT"
  revision = "e746df99fe4a3986f4d4f79e13c1e0117ce9c2f7"
  version = "v1.0.0"

[[projects]]
  digest = "1:15ad8a80098fcc7a194b9db6b26d74072a852e4faa957848c8118193d3c69230"
  name = "github.com/valyala/fasthttp"
  packages = [
    ".",
    "fasthttputil",
    "stackless",
  ]
  pruneopts = "UT"
  revision = "e5f51c11919d4f66400334047b897ef0a94c6f3c"
  version = "v20180529"

[[projects]]
  branch = "master"
  digest = "1:cd7e85fc3687e062714febdee3e8efeb00a413a2a620d28908fd0258261d2353"
  name = "golang.org/x/crypto"
  packages = [
    "ed25519",
    "ed25519/internal/edwards25519",
  ]
  pruneopts = "UT"
  revision = "0ec3e9974c59449edd84298612e9f16fa13368e8"

[[projects]]
  branch = "master"
  digest = "1:a342b35551fa09b905a09cc3964bcfca537292ea5cc8993de0e02c9ed12a49a7"
  name = "golang.org/x/net"
  packages = [
    "bpf",
    "internal/iana",
    "internal/socket",
    "ipv4",
    "ipv6",
  ]
  pruneopts = "UT"
  revision = "118fecf932d8fea033f3b7aca66fba22cfdd517d"

[[projects]]
  branch = "master"
  digest = "1:4afdcaf2f776edc7fc481d0c4cc5a1ebae7e407076690c8c8dbab6f287c31c76"
  name = "golang.org/x/sync"
  packages = ["singleflight"]
  pruneopts = "UT"
  revision = "43a5402ce75a95522677f77c619865d66b8c57ab"

[[projects]]
  branch = "master"
  digest = "1:1fbab312c7e34ca131dd8431962292dbc808001f2d07eedcf4b4bdfae7b06372"
  name = "golang.org/x/sys"
  packages = [
    "unix",
    "windows",
  ]
  pruneopts = "UT"
  revision = "85ca7c5b95cdf1e557abb38a283d1e61a5959c31"

[[projects]]
  branch = "master"
  digest = "1:ae972188affcffb27a1439cbbbdb72e0e9237c435baee9c25648ea750a0e37c6"
  name = "golang.org/x/tools"
  packages = [
    "go/ast/astutil",
    "go/gcexportdata",
    "go/internal/gcimporter",
    "go/internal/packagesdriver",
    "go/packages",
    "go/types/typeutil",
    "internal/gocommand",
    "internal/packagesinternal",
  ]
  pruneopts = "UT"
  revision = "a576cf524670603350282ba181c0efbd384b0892"

[solve-meta]
  analyzer-name = "dep"
  analyzer-version = 1
  input-imports = [
    "github.com/IrineSistiana/net-list",
    "github.com/Sirupsen/logrus",
    "github.com/miekg/dns",
    "github.com/valyala/fasthttp",
    "golang.org/x/sync/singleflight",
  ]
  solver-name = "gps-cdcl"
  solver-version = 1
